// !$*UTF8*$!
{
	archiveVersion = 1;
	classes = {
	};
	objectVersion = 56;
	objects = {

/* Begin PBXBuildFile section */
		5708D96329A2AE4E00D463A9 /* RecipesTableViewController.swift in Sources */ = {isa = PBXBuildFile; fileRef = 5708D96229A2AE4E00D463A9 /* RecipesTableViewController.swift */; };
		570A198629A27A1A00A8D839 /* RecipleaseAPIHelper.swift in Sources */ = {isa = PBXBuildFile; fileRef = 570A198529A27A1A00A8D839 /* RecipleaseAPIHelper.swift */; };
		570A198829A27A3200A8D839 /* RecipleaseAPIResult.swift in Sources */ = {isa = PBXBuildFile; fileRef = 570A198729A27A3200A8D839 /* RecipleaseAPIResult.swift */; };
		570A198B29A27BD100A8D839 /* Alamofire in Frameworks */ = {isa = PBXBuildFile; productRef = 570A198A29A27BD100A8D839 /* Alamofire */; };
		574709FF299FD2810078611A /* AppDelegate.swift in Sources */ = {isa = PBXBuildFile; fileRef = 574709FE299FD2810078611A /* AppDelegate.swift */; };
		57470A01299FD2810078611A /* SceneDelegate.swift in Sources */ = {isa = PBXBuildFile; fileRef = 57470A00299FD2810078611A /* SceneDelegate.swift */; };
		57470A03299FD2810078611A /* SearchViewController.swift in Sources */ = {isa = PBXBuildFile; fileRef = 57470A02299FD2810078611A /* SearchViewController.swift */; };
		57470A06299FD2810078611A /* Main.storyboard in Resources */ = {isa = PBXBuildFile; fileRef = 57470A04299FD2810078611A /* Main.storyboard */; };
		57470A0B299FD2850078611A /* Assets.xcassets in Resources */ = {isa = PBXBuildFile; fileRef = 57470A0A299FD2850078611A /* Assets.xcassets */; };
		57470A0E299FD2850078611A /* LaunchScreen.storyboard in Resources */ = {isa = PBXBuildFile; fileRef = 57470A0C299FD2850078611A /* LaunchScreen.storyboard */; };
		5765147B29AAAADE00D43693 /* DetailsRecipeViewController.swift in Sources */ = {isa = PBXBuildFile; fileRef = 5765147A29AAAADE00D43693 /* DetailsRecipeViewController.swift */; };
		57739B9F29AFAF030011151F /* CoreDataStack.swift in Sources */ = {isa = PBXBuildFile; fileRef = 57739B9E29AFAF030011151F /* CoreDataStack.swift */; };
		577BE32F29D4F2F4001DA88A /* RecipleaseTests.swift in Sources */ = {isa = PBXBuildFile; fileRef = 577BE32E29D4F2F4001DA88A /* RecipleaseTests.swift */; };
		57975C1429B8CA1E00CA3416 /* RecipeRepository.swift in Sources */ = {isa = PBXBuildFile; fileRef = 57975C1329B8CA1E00CA3416 /* RecipeRepository.swift */; };
		57A70E6B29BB4F9D0062E9AD /* CoreDataIngredients.swift in Sources */ = {isa = PBXBuildFile; fileRef = 57A70E6A29BB4F9D0062E9AD /* CoreDataIngredients.swift */; };
		57AF74BF2A57095D004F2356 /* Fridge.swift in Sources */ = {isa = PBXBuildFile; fileRef = 57AF74BE2A57095D004F2356 /* Fridge.swift */; };
		57B3F03E29BB4D300037F9B9 /* Recipe.swift in Sources */ = {isa = PBXBuildFile; fileRef = 57B3F03D29BB4D300037F9B9 /* Recipe.swift */; };
		57B468E029B941A6006BC514 /* Reciplease.xcdatamodeld in Sources */ = {isa = PBXBuildFile; fileRef = 57B468DE29B941A6006BC514 /* Reciplease.xcdatamodeld */; };
		57C9F54E29A8096A006471F2 /* RecipeTableViewCell.swift in Sources */ = {isa = PBXBuildFile; fileRef = 57C9F54D29A8096A006471F2 /* RecipeTableViewCell.swift */; };
/* End PBXBuildFile section */

/* Begin PBXContainerItemProxy section */
		577BE33029D4F2F4001DA88A /* PBXContainerItemProxy */ = {
			isa = PBXContainerItemProxy;
			containerPortal = 574709F3299FD2800078611A /* Project object */;
			proxyType = 1;
			remoteGlobalIDString = 574709FA299FD2810078611A;
			remoteInfo = Reciplease;
		};
/* End PBXContainerItemProxy section */

/* Begin PBXFileReference section */
		5708D96229A2AE4E00D463A9 /* RecipesTableViewController.swift */ = {isa = PBXFileReference; lastKnownFileType = sourcecode.swift; path = RecipesTableViewController.swift; sourceTree = "<group>"; };
		570A198529A27A1A00A8D839 /* RecipleaseAPIHelper.swift */ = {isa = PBXFileReference; lastKnownFileType = sourcecode.swift; path = RecipleaseAPIHelper.swift; sourceTree = "<group>"; };
		570A198729A27A3200A8D839 /* RecipleaseAPIResult.swift */ = {isa = PBXFileReference; lastKnownFileType = sourcecode.swift; path = RecipleaseAPIResult.swift; sourceTree = "<group>"; };
		574709FB299FD2810078611A /* Reciplease.app */ = {isa = PBXFileReference; explicitFileType = wrapper.application; includeInIndex = 0; path = Reciplease.app; sourceTree = BUILT_PRODUCTS_DIR; };
		574709FE299FD2810078611A /* AppDelegate.swift */ = {isa = PBXFileReference; lastKnownFileType = sourcecode.swift; path = AppDelegate.swift; sourceTree = "<group>"; };
		57470A00299FD2810078611A /* SceneDelegate.swift */ = {isa = PBXFileReference; lastKnownFileType = sourcecode.swift; path = SceneDelegate.swift; sourceTree = "<group>"; };
		57470A02299FD2810078611A /* SearchViewController.swift */ = {isa = PBXFileReference; lastKnownFileType = sourcecode.swift; path = SearchViewController.swift; sourceTree = "<group>"; };
		57470A05299FD2810078611A /* Base */ = {isa = PBXFileReference; lastKnownFileType = file.storyboard; name = Base; path = Base.lproj/Main.storyboard; sourceTree = "<group>"; };
		57470A0A299FD2850078611A /* Assets.xcassets */ = {isa = PBXFileReference; lastKnownFileType = folder.assetcatalog; path = Assets.xcassets; sourceTree = "<group>"; };
		57470A0D299FD2850078611A /* Base */ = {isa = PBXFileReference; lastKnownFileType = file.storyboard; name = Base; path = Base.lproj/LaunchScreen.storyboard; sourceTree = "<group>"; };
		57470A0F299FD2850078611A /* Info.plist */ = {isa = PBXFileReference; lastKnownFileType = text.plist.xml; path = Info.plist; sourceTree = "<group>"; };
		5765147A29AAAADE00D43693 /* DetailsRecipeViewController.swift */ = {isa = PBXFileReference; lastKnownFileType = sourcecode.swift; path = DetailsRecipeViewController.swift; sourceTree = "<group>"; };
		57739B9E29AFAF030011151F /* CoreDataStack.swift */ = {isa = PBXFileReference; lastKnownFileType = sourcecode.swift; path = CoreDataStack.swift; sourceTree = "<group>"; };
		577BE32C29D4F2F4001DA88A /* RecipleaseTests.xctest */ = {isa = PBXFileReference; explicitFileType = wrapper.cfbundle; includeInIndex = 0; path = RecipleaseTests.xctest; sourceTree = BUILT_PRODUCTS_DIR; };
		577BE32E29D4F2F4001DA88A /* RecipleaseTests.swift */ = {isa = PBXFileReference; lastKnownFileType = sourcecode.swift; path = RecipleaseTests.swift; sourceTree = "<group>"; };
		57975C1329B8CA1E00CA3416 /* RecipeRepository.swift */ = {isa = PBXFileReference; lastKnownFileType = sourcecode.swift; path = RecipeRepository.swift; sourceTree = "<group>"; };
		57A70E6A29BB4F9D0062E9AD /* CoreDataIngredients.swift */ = {isa = PBXFileReference; lastKnownFileType = sourcecode.swift; path = CoreDataIngredients.swift; sourceTree = "<group>"; };
		57AF74BE2A57095D004F2356 /* Fridge.swift */ = {isa = PBXFileReference; lastKnownFileType = sourcecode.swift; path = Fridge.swift; sourceTree = "<group>"; };
		57B3F03D29BB4D300037F9B9 /* Recipe.swift */ = {isa = PBXFileReference; lastKnownFileType = sourcecode.swift; path = Recipe.swift; sourceTree = "<group>"; };
		57B468DF29B941A6006BC514 /* Reciplease.xcdatamodel */ = {isa = PBXFileReference; lastKnownFileType = wrapper.xcdatamodel; path = Reciplease.xcdatamodel; sourceTree = "<group>"; };
		57C9F54D29A8096A006471F2 /* RecipeTableViewCell.swift */ = {isa = PBXFileReference; lastKnownFileType = sourcecode.swift; path = RecipeTableViewCell.swift; sourceTree = "<group>"; };
/* End PBXFileReference section */

/* Begin PBXFrameworksBuildPhase section */
		574709F8299FD2810078611A /* Frameworks */ = {
			isa = PBXFrameworksBuildPhase;
			buildActionMask = 2147483647;
			files = (
				570A198B29A27BD100A8D839 /* Alamofire in Frameworks */,
			);
			runOnlyForDeploymentPostprocessing = 0;
		};
		577BE32929D4F2F4001DA88A /* Frameworks */ = {
			isa = PBXFrameworksBuildPhase;
			buildActionMask = 2147483647;
			files = (
			);
			runOnlyForDeploymentPostprocessing = 0;
		};
/* End PBXFrameworksBuildPhase section */

/* Begin PBXGroup section */
		574709F2299FD2800078611A = {
			isa = PBXGroup;
			children = (
				574709FD299FD2810078611A /* Reciplease */,
				577BE32D29D4F2F4001DA88A /* RecipleaseTests */,
				574709FC299FD2810078611A /* Products */,
			);
			sourceTree = "<group>";
		};
		574709FC299FD2810078611A /* Products */ = {
			isa = PBXGroup;
			children = (
				574709FB299FD2810078611A /* Reciplease.app */,
				577BE32C29D4F2F4001DA88A /* RecipleaseTests.xctest */,
			);
			name = Products;
			sourceTree = "<group>";
		};
		574709FD299FD2810078611A /* Reciplease */ = {
			isa = PBXGroup;
			children = (
				57470A15299FD5380078611A /* Models */,
				57470A16299FD5490078611A /* Views */,
				57470A17299FD5570078611A /* Controllers */,
				574709FE299FD2810078611A /* AppDelegate.swift */,
				57470A00299FD2810078611A /* SceneDelegate.swift */,
				57470A0A299FD2850078611A /* Assets.xcassets */,
				57470A0F299FD2850078611A /* Info.plist */,
			);
			path = Reciplease;
			sourceTree = "<group>";
		};
		57470A15299FD5380078611A /* Models */ = {
			isa = PBXGroup;
			children = (
				57739B9A29AFAC150011151F /* CoreData */,
				570A198529A27A1A00A8D839 /* RecipleaseAPIHelper.swift */,
				570A198729A27A3200A8D839 /* RecipleaseAPIResult.swift */,
				57AF74BE2A57095D004F2356 /* Fridge.swift */,
			);
			path = Models;
			sourceTree = "<group>";
		};
		57470A16299FD5490078611A /* Views */ = {
			isa = PBXGroup;
			children = (
				57470A04299FD2810078611A /* Main.storyboard */,
				57470A0C299FD2850078611A /* LaunchScreen.storyboard */,
			);
			path = Views;
			sourceTree = "<group>";
		};
		57470A17299FD5570078611A /* Controllers */ = {
			isa = PBXGroup;
			children = (
				57470A02299FD2810078611A /* SearchViewController.swift */,
				5708D96229A2AE4E00D463A9 /* RecipesTableViewController.swift */,
				57C9F54D29A8096A006471F2 /* RecipeTableViewCell.swift */,
				5765147A29AAAADE00D43693 /* DetailsRecipeViewController.swift */,
			);
			path = Controllers;
			sourceTree = "<group>";
		};
		57739B9A29AFAC150011151F /* CoreData */ = {
			isa = PBXGroup;
			children = (
				57B468DE29B941A6006BC514 /* Reciplease.xcdatamodeld */,
				57739B9E29AFAF030011151F /* CoreDataStack.swift */,
				57975C1329B8CA1E00CA3416 /* RecipeRepository.swift */,
				57B3F03D29BB4D300037F9B9 /* Recipe.swift */,
				57A70E6A29BB4F9D0062E9AD /* CoreDataIngredients.swift */,
			);
			path = CoreData;
			sourceTree = "<group>";
		};
		577BE32D29D4F2F4001DA88A /* RecipleaseTests */ = {
			isa = PBXGroup;
			children = (
				577BE32E29D4F2F4001DA88A /* RecipleaseTests.swift */,
			);
			path = RecipleaseTests;
			sourceTree = "<group>";
		};
/* End PBXGroup section */

/* Begin PBXNativeTarget section */
		574709FA299FD2810078611A /* Reciplease */ = {
			isa = PBXNativeTarget;
			buildConfigurationList = 57470A12299FD2850078611A /* Build configuration list for PBXNativeTarget "Reciplease" */;
			buildPhases = (
				574709F7299FD2810078611A /* Sources */,
				574709F8299FD2810078611A /* Frameworks */,
				574709F9299FD2810078611A /* Resources */,
			);
			buildRules = (
			);
			dependencies = (
			);
			name = Reciplease;
			packageProductDependencies = (
				570A198A29A27BD100A8D839 /* Alamofire */,
			);
			productName = Reciplease;
			productReference = 574709FB299FD2810078611A /* Reciplease.app */;
			productType = "com.apple.product-type.application";
		};
		577BE32B29D4F2F4001DA88A /* RecipleaseTests */ = {
			isa = PBXNativeTarget;
			buildConfigurationList = 577BE33229D4F2F4001DA88A /* Build configuration list for PBXNativeTarget "RecipleaseTests" */;
			buildPhases = (
				577BE32829D4F2F4001DA88A /* Sources */,
				577BE32929D4F2F4001DA88A /* Frameworks */,
				577BE32A29D4F2F4001DA88A /* Resources */,
			);
			buildRules = (
			);
			dependencies = (
				577BE33129D4F2F4001DA88A /* PBXTargetDependency */,
			);
			name = RecipleaseTests;
			productName = RecipleaseTests;
			productReference = 577BE32C29D4F2F4001DA88A /* RecipleaseTests.xctest */;
			productType = "com.apple.product-type.bundle.unit-test";
		};
/* End PBXNativeTarget section */

/* Begin PBXProject section */
		574709F3299FD2800078611A /* Project object */ = {
			isa = PBXProject;
			attributes = {
				BuildIndependentTargetsInParallel = 1;
				LastSwiftUpdateCheck = 1400;
				LastUpgradeCheck = 1400;
				TargetAttributes = {
					574709FA299FD2810078611A = {
						CreatedOnToolsVersion = 14.0;
					};
					577BE32B29D4F2F4001DA88A = {
						CreatedOnToolsVersion = 14.0;
						TestTargetID = 574709FA299FD2810078611A;
					};
				};
			};
			buildConfigurationList = 574709F6299FD2800078611A /* Build configuration list for PBXProject "Reciplease" */;
			compatibilityVersion = "Xcode 14.0";
			developmentRegion = en;
			hasScannedForEncodings = 0;
			knownRegions = (
				en,
				Base,
			);
			mainGroup = 574709F2299FD2800078611A;
			packageReferences = (
				570A198929A27BD100A8D839 /* XCRemoteSwiftPackageReference "Alamofire" */,
			);
			productRefGroup = 574709FC299FD2810078611A /* Products */;
			projectDirPath = "";
			projectRoot = "";
			targets = (
				574709FA299FD2810078611A /* Reciplease */,
				577BE32B29D4F2F4001DA88A /* RecipleaseTests */,
			);
		};
/* End PBXProject section */

/* Begin PBXResourcesBuildPhase section */
		574709F9299FD2810078611A /* Resources */ = {
			isa = PBXResourcesBuildPhase;
			buildActionMask = 2147483647;
			files = (
				57470A0E299FD2850078611A /* LaunchScreen.storyboard in Resources */,
				57470A0B299FD2850078611A /* Assets.xcassets in Resources */,
				57470A06299FD2810078611A /* Main.storyboard in Resources */,
			);
			runOnlyForDeploymentPostprocessing = 0;
		};
		577BE32A29D4F2F4001DA88A /* Resources */ = {
			isa = PBXResourcesBuildPhase;
			buildActionMask = 2147483647;
			files = (
			);
			runOnlyForDeploymentPostprocessing = 0;
		};
/* End PBXResourcesBuildPhase section */

/* Begin PBXSourcesBuildPhase section */
		574709F7299FD2810078611A /* Sources */ = {
			isa = PBXSourcesBuildPhase;
			buildActionMask = 2147483647;
			files = (
				5765147B29AAAADE00D43693 /* DetailsRecipeViewController.swift in Sources */,
				57A70E6B29BB4F9D0062E9AD /* CoreDataIngredients.swift in Sources */,
				57975C1429B8CA1E00CA3416 /* RecipeRepository.swift in Sources */,
				57C9F54E29A8096A006471F2 /* RecipeTableViewCell.swift in Sources */,
				57AF74BF2A57095D004F2356 /* Fridge.swift in Sources */,
				57739B9F29AFAF030011151F /* CoreDataStack.swift in Sources */,
				57470A03299FD2810078611A /* SearchViewController.swift in Sources */,
				574709FF299FD2810078611A /* AppDelegate.swift in Sources */,
				570A198829A27A3200A8D839 /* RecipleaseAPIResult.swift in Sources */,
				5708D96329A2AE4E00D463A9 /* RecipesTableViewController.swift in Sources */,
				57470A01299FD2810078611A /* SceneDelegate.swift in Sources */,
				57B468E029B941A6006BC514 /* Reciplease.xcdatamodeld in Sources */,
				570A198629A27A1A00A8D839 /* RecipleaseAPIHelper.swift in Sources */,
				57B3F03E29BB4D300037F9B9 /* Recipe.swift in Sources */,
			);
			runOnlyForDeploymentPostprocessing = 0;
		};
		577BE32829D4F2F4001DA88A /* Sources */ = {
			isa = PBXSourcesBuildPhase;
			buildActionMask = 2147483647;
			files = (
				577BE32F29D4F2F4001DA88A /* RecipleaseTests.swift in Sources */,
			);
			runOnlyForDeploymentPostprocessing = 0;
		};
/* End PBXSourcesBuildPhase section */

/* Begin PBXTargetDependency section */
		577BE33129D4F2F4001DA88A /* PBXTargetDependency */ = {
			isa = PBXTargetDependency;
			target = 574709FA299FD2810078611A /* Reciplease */;
			targetProxy = 577BE33029D4F2F4001DA88A /* PBXContainerItemProxy */;
		};
/* End PBXTargetDependency section */

/* Begin PBXVariantGroup section */
		57470A04299FD2810078611A /* Main.storyboard */ = {
			isa = PBXVariantGroup;
			children = (
				57470A05299FD2810078611A /* Base */,
			);
			name = Main.storyboard;
			sourceTree = "<group>";
		};
		57470A0C299FD2850078611A /* LaunchScreen.storyboard */ = {
			isa = PBXVariantGroup;
			children = (
				57470A0D299FD2850078611A /* Base */,
			);
			name = LaunchScreen.storyboard;
			sourceTree = "<group>";
		};
/* End PBXVariantGroup section */

/* Begin XCBuildConfiguration section */
		57470A10299FD2850078611A /* Debug */ = {
			isa = XCBuildConfiguration;
			buildSettings = {
				ALWAYS_SEARCH_USER_PATHS = NO;
				CLANG_ANALYZER_NONNULL = YES;
				CLANG_ANALYZER_NUMBER_OBJECT_CONVERSION = YES_AGGRESSIVE;
				CLANG_CXX_LANGUAGE_STANDARD = "gnu++20";
				CLANG_ENABLE_MODULES = YES;
				CLANG_ENABLE_OBJC_ARC = YES;
				CLANG_ENABLE_OBJC_WEAK = YES;
				CLANG_WARN_BLOCK_CAPTURE_AUTORELEASING = YES;
				CLANG_WARN_BOOL_CONVERSION = YES;
				CLANG_WARN_COMMA = YES;
				CLANG_WARN_CONSTANT_CONVERSION = YES;
				CLANG_WARN_DEPRECATED_OBJC_IMPLEMENTATIONS = YES;
				CLANG_WARN_DIRECT_OBJC_ISA_USAGE = YES_ERROR;
				CLANG_WARN_DOCUMENTATION_COMMENTS = YES;
				CLANG_WARN_EMPTY_BODY = YES;
				CLANG_WARN_ENUM_CONVERSION = YES;
				CLANG_WARN_INFINITE_RECURSION = YES;
				CLANG_WARN_INT_CONVERSION = YES;
				CLANG_WARN_NON_LITERAL_NULL_CONVERSION = YES;
				CLANG_WARN_OBJC_IMPLICIT_RETAIN_SELF = YES;
				CLANG_WARN_OBJC_LITERAL_CONVERSION = YES;
				CLANG_WARN_OBJC_ROOT_CLASS = YES_ERROR;
				CLANG_WARN_QUOTED_INCLUDE_IN_FRAMEWORK_HEADER = YES;
				CLANG_WARN_RANGE_LOOP_ANALYSIS = YES;
				CLANG_WARN_STRICT_PROTOTYPES = YES;
				CLANG_WARN_SUSPICIOUS_MOVE = YES;
				CLANG_WARN_UNGUARDED_AVAILABILITY = YES_AGGRESSIVE;
				CLANG_WARN_UNREACHABLE_CODE = YES;
				CLANG_WARN__DUPLICATE_METHOD_MATCH = YES;
				COPY_PHASE_STRIP = NO;
				DEBUG_INFORMATION_FORMAT = dwarf;
				ENABLE_STRICT_OBJC_MSGSEND = YES;
				ENABLE_TESTABILITY = YES;
				GCC_C_LANGUAGE_STANDARD = gnu11;
				GCC_DYNAMIC_NO_PIC = NO;
				GCC_NO_COMMON_BLOCKS = YES;
				GCC_OPTIMIZATION_LEVEL = 0;
				GCC_PREPROCESSOR_DEFINITIONS = (
					"DEBUG=1",
					"$(inherited)",
				);
				GCC_WARN_64_TO_32_BIT_CONVERSION = YES;
				GCC_WARN_ABOUT_RETURN_TYPE = YES_ERROR;
				GCC_WARN_UNDECLARED_SELECTOR = YES;
				GCC_WARN_UNINITIALIZED_AUTOS = YES_AGGRESSIVE;
				GCC_WARN_UNUSED_FUNCTION = YES;
				GCC_WARN_UNUSED_VARIABLE = YES;
				IPHONEOS_DEPLOYMENT_TARGET = 16.0;
				MTL_ENABLE_DEBUG_INFO = INCLUDE_SOURCE;
				MTL_FAST_MATH = YES;
				ONLY_ACTIVE_ARCH = YES;
				SDKROOT = iphoneos;
				SWIFT_ACTIVE_COMPILATION_CONDITIONS = DEBUG;
				SWIFT_OPTIMIZATION_LEVEL = "-Onone";
			};
			name = Debug;
		};
		57470A11299FD2850078611A /* Release */ = {
			isa = XCBuildConfiguration;
			buildSettings = {
				ALWAYS_SEARCH_USER_PATHS = NO;
				CLANG_ANALYZER_NONNULL = YES;
				CLANG_ANALYZER_NUMBER_OBJECT_CONVERSION = YES_AGGRESSIVE;
				CLANG_CXX_LANGUAGE_STANDARD = "gnu++20";
				CLANG_ENABLE_MODULES = YES;
				CLANG_ENABLE_OBJC_ARC = YES;
				CLANG_ENABLE_OBJC_WEAK = YES;
				CLANG_WARN_BLOCK_CAPTURE_AUTORELEASING = YES;
				CLANG_WARN_BOOL_CONVERSION = YES;
				CLANG_WARN_COMMA = YES;
				CLANG_WARN_CONSTANT_CONVERSION = YES;
				CLANG_WARN_DEPRECATED_OBJC_IMPLEMENTATIONS = YES;
				CLANG_WARN_DIRECT_OBJC_ISA_USAGE = YES_ERROR;
				CLANG_WARN_DOCUMENTATION_COMMENTS = YES;
				CLANG_WARN_EMPTY_BODY = YES;
				CLANG_WARN_ENUM_CONVERSION = YES;
				CLANG_WARN_INFINITE_RECURSION = YES;
				CLANG_WARN_INT_CONVERSION = YES;
				CLANG_WARN_NON_LITERAL_NULL_CONVERSION = YES;
				CLANG_WARN_OBJC_IMPLICIT_RETAIN_SELF = YES;
				CLANG_WARN_OBJC_LITERAL_CONVERSION = YES;
				CLANG_WARN_OBJC_ROOT_CLASS = YES_ERROR;
				CLANG_WARN_QUOTED_INCLUDE_IN_FRAMEWORK_HEADER = YES;
				CLANG_WARN_RANGE_LOOP_ANALYSIS = YES;
				CLANG_WARN_STRICT_PROTOTYPES = YES;
				CLANG_WARN_SUSPICIOUS_MOVE = YES;
				CLANG_WARN_UNGUARDED_AVAILABILITY = YES_AGGRESSIVE;
				CLANG_WARN_UNREACHABLE_CODE = YES;
				CLANG_WARN__DUPLICATE_METHOD_MATCH = YES;
				COPY_PHASE_STRIP = NO;
				DEBUG_INFORMATION_FORMAT = "dwarf-with-dsym";
				ENABLE_NS_ASSERTIONS = NO;
				ENABLE_STRICT_OBJC_MSGSEND = YES;
				GCC_C_LANGUAGE_STANDARD = gnu11;
				GCC_NO_COMMON_BLOCKS = YES;
				GCC_WARN_64_TO_32_BIT_CONVERSION = YES;
				GCC_WARN_ABOUT_RETURN_TYPE = YES_ERROR;
				GCC_WARN_UNDECLARED_SELECTOR = YES;
				GCC_WARN_UNINITIALIZED_AUTOS = YES_AGGRESSIVE;
				GCC_WARN_UNUSED_FUNCTION = YES;
				GCC_WARN_UNUSED_VARIABLE = YES;
				IPHONEOS_DEPLOYMENT_TARGET = 16.0;
				MTL_ENABLE_DEBUG_INFO = NO;
				MTL_FAST_MATH = YES;
				SDKROOT = iphoneos;
				SWIFT_COMPILATION_MODE = wholemodule;
				SWIFT_OPTIMIZATION_LEVEL = "-O";
				VALIDATE_PRODUCT = YES;
			};
			name = Release;
		};
		57470A13299FD2850078611A /* Debug */ = {
			isa = XCBuildConfiguration;
			buildSettings = {
				ASSETCATALOG_COMPILER_APPICON_NAME = AppIcon;
				ASSETCATALOG_COMPILER_GLOBAL_ACCENT_COLOR_NAME = AccentColor;
				CODE_SIGN_STYLE = Automatic;
				CURRENT_PROJECT_VERSION = 1;
				GENERATE_INFOPLIST_FILE = YES;
				INFOPLIST_FILE = Reciplease/Info.plist;
				INFOPLIST_KEY_UIApplicationSupportsIndirectInputEvents = YES;
				INFOPLIST_KEY_UILaunchStoryboardName = LaunchScreen;
				INFOPLIST_KEY_UIMainStoryboardFile = Main;
				INFOPLIST_KEY_UISupportedInterfaceOrientations_iPad = "UIInterfaceOrientationPortrait UIInterfaceOrientationPortraitUpsideDown UIInterfaceOrientationLandscapeLeft UIInterfaceOrientationLandscapeRight";
				INFOPLIST_KEY_UISupportedInterfaceOrientations_iPhone = "UIInterfaceOrientationPortrait UIInterfaceOrientationLandscapeLeft UIInterfaceOrientationLandscapeRight";
				LD_RUNPATH_SEARCH_PATHS = (
					"$(inherited)",
					"@executable_path/Frameworks",
				);
				MARKETING_VERSION = 1.0;
				PRODUCT_BUNDLE_IDENTIFIER = com.zerouta.wassim.Reciplease;
				PRODUCT_NAME = "$(TARGET_NAME)";
				SWIFT_EMIT_LOC_STRINGS = YES;
				SWIFT_VERSION = 5.0;
				TARGETED_DEVICE_FAMILY = "1,2";
			};
			name = Debug;
		};
		57470A14299FD2850078611A /* Release */ = {
			isa = XCBuildConfiguration;
			buildSettings = {
				ASSETCATALOG_COMPILER_APPICON_NAME = AppIcon;
				ASSETCATALOG_COMPILER_GLOBAL_ACCENT_COLOR_NAME = AccentColor;
				CODE_SIGN_STYLE = Automatic;
				CURRENT_PROJECT_VERSION = 1;
				GENERATE_INFOPLIST_FILE = YES;
				INFOPLIST_FILE = Reciplease/Info.plist;
				INFOPLIST_KEY_UIApplicationSupportsIndirectInputEvents = YES;
				INFOPLIST_KEY_UILaunchStoryboardName = LaunchScreen;
				INFOPLIST_KEY_UIMainStoryboardFile = Main;
				INFOPLIST_KEY_UISupportedInterfaceOrientations_iPad = "UIInterfaceOrientationPortrait UIInterfaceOrientationPortraitUpsideDown UIInterfaceOrientationLandscapeLeft UIInterfaceOrientationLandscapeRight";
				INFOPLIST_KEY_UISupportedInterfaceOrientations_iPhone = "UIInterfaceOrientationPortrait UIInterfaceOrientationLandscapeLeft UIInterfaceOrientationLandscapeRight";
				LD_RUNPATH_SEARCH_PATHS = (
					"$(inherited)",
					"@executable_path/Frameworks",
				);
				MARKETING_VERSION = 1.0;
				PRODUCT_BUNDLE_IDENTIFIER = com.zerouta.wassim.Reciplease;
				PRODUCT_NAME = "$(TARGET_NAME)";
				SWIFT_EMIT_LOC_STRINGS = YES;
				SWIFT_VERSION = 5.0;
				TARGETED_DEVICE_FAMILY = "1,2";
			};
			name = Release;
		};
		577BE33329D4F2F4001DA88A /* Debug */ = {
			isa = XCBuildConfiguration;
			buildSettings = {
				BUNDLE_LOADER = "$(TEST_HOST)";
				CODE_SIGN_STYLE = Automatic;
				CURRENT_PROJECT_VERSION = 1;
				GENERATE_INFOPLIST_FILE = YES;
				MARKETING_VERSION = 1.0;
				PRODUCT_BUNDLE_IDENTIFIER = com.zerouta.wassim.RecipleaseTests;
				PRODUCT_NAME = "$(TARGET_NAME)";
				SWIFT_EMIT_LOC_STRINGS = NO;
				SWIFT_VERSION = 5.0;
				TARGETED_DEVICE_FAMILY = "1,2";
				TEST_HOST = "$(BUILT_PRODUCTS_DIR)/Reciplease.app/$(BUNDLE_EXECUTABLE_FOLDER_PATH)/Reciplease";
			};
			name = Debug;
		};
		577BE33429D4F2F4001DA88A /* Release */ = {
			isa = XCBuildConfiguration;
			buildSettings = {
				BUNDLE_LOADER = "$(TEST_HOST)";
				CODE_SIGN_STYLE = Automatic;
				CURRENT_PROJECT_VERSION = 1;
				GENERATE_INFOPLIST_FILE = YES;
				MARKETING_VERSION = 1.0;
				PRODUCT_BUNDLE_IDENTIFIER = com.zerouta.wassim.RecipleaseTests;
				PRODUCT_NAME = "$(TARGET_NAME)";
				SWIFT_EMIT_LOC_STRINGS = NO;
				SWIFT_VERSION = 5.0;
				TARGETED_DEVICE_FAMILY = "1,2";
				TEST_HOST = "$(BUILT_PRODUCTS_DIR)/Reciplease.app/$(BUNDLE_EXECUTABLE_FOLDER_PATH)/Reciplease";
			};
			name = Release;
		};
/* End XCBuildConfiguration section */

/* Begin XCConfigurationList section */
		574709F6299FD2800078611A /* Build configuration list for PBXProject "Reciplease" */ = {
			isa = XCConfigurationList;
			buildConfigurations = (
				57470A10299FD2850078611A /* Debug */,
				57470A11299FD2850078611A /* Release */,
			);
			defaultConfigurationIsVisible = 0;
			defaultConfigurationName = Release;
		};
		57470A12299FD2850078611A /* Build configuration list for PBXNativeTarget "Reciplease" */ = {
			isa = XCConfigurationList;
			buildConfigurations = (
				57470A13299FD2850078611A /* Debug */,
				57470A14299FD2850078611A /* Release */,
			);
			defaultConfigurationIsVisible = 0;
			defaultConfigurationName = Release;
		};
		577BE33229D4F2F4001DA88A /* Build configuration list for PBXNativeTarget "RecipleaseTests" */ = {
			isa = XCConfigurationList;
			buildConfigurations = (
				577BE33329D4F2F4001DA88A /* Debug */,
				577BE33429D4F2F4001DA88A /* Release */,
			);
			defaultConfigurationIsVisible = 0;
			defaultConfigurationName = Release;
		};
/* End XCConfigurationList section */

/* Begin XCRemoteSwiftPackageReference section */
		570A198929A27BD100A8D839 /* XCRemoteSwiftPackageReference "Alamofire" */ = {
			isa = XCRemoteSwiftPackageReference;
			repositoryURL = "https://github.com/Alamofire/Alamofire.git";
			requirement = {
				kind = upToNextMajorVersion;
				minimumVersion = 5.0.0;
			};
		};
/* End XCRemoteSwiftPackageReference section */

/* Begin XCSwiftPackageProductDependency section */
		570A198A29A27BD100A8D839 /* Alamofire */ = {
			isa = XCSwiftPackageProductDependency;
			package = 570A198929A27BD100A8D839 /* XCRemoteSwiftPackageReference "Alamofire" */;
			productName = Alamofire;
		};
/* End XCSwiftPackageProductDependency section */

/* Begin XCVersionGroup section */
		57B468DE29B941A6006BC514 /* Reciplease.xcdatamodeld */ = {
			isa = XCVersionGroup;
			children = (
				57B468DF29B941A6006BC514 /* Reciplease.xcdatamodel */,
			);
			currentVersion = 57B468DF29B941A6006BC514 /* Reciplease.xcdatamodel */;
			path = Reciplease.xcdatamodeld;
			sourceTree = "<group>";
			versionGroupType = wrapper.xcdatamodel;
		};
/* End XCVersionGroup section */
	};
	rootObject = 574709F3299FD2800078611A /* Project object */;
}
